// !$*UTF8*$!
{
	archiveVersion = 1;
	classes = {
	};
	objectVersion = 56;
	objects = {

/* Begin PBXBuildFile section */
		3F580CB42B867F3200E4FE70 /* PinterestLayout.swift in Sources */ = {isa = PBXBuildFile; fileRef = 3F580CB32B867F3200E4FE70 /* PinterestLayout.swift */; };
		3F7B5D7A2BA2327100A1CEAE /* GenreTests.swift in Sources */ = {isa = PBXBuildFile; fileRef = 3F7B5D792BA2327100A1CEAE /* GenreTests.swift */; };
		3F7B5D7C2BA2328200A1CEAE /* GameTests.swift in Sources */ = {isa = PBXBuildFile; fileRef = 3F7B5D7B2BA2328200A1CEAE /* GameTests.swift */; };
		3F7B5D7E2BA2337C00A1CEAE /* MockGenreResponse.json in Resources */ = {isa = PBXBuildFile; fileRef = 3F7B5D7D2BA2337C00A1CEAE /* MockGenreResponse.json */; };
		3F7B5D802BA236BE00A1CEAE /* ErrorMockGenreResponse.json in Resources */ = {isa = PBXBuildFile; fileRef = 3F7B5D7F2BA236BE00A1CEAE /* ErrorMockGenreResponse.json */; };
		3F7B5D852BA2396B00A1CEAE /* MockGameResponse.json in Resources */ = {isa = PBXBuildFile; fileRef = 3F7B5D842BA2396B00A1CEAE /* MockGameResponse.json */; };
		3F7B5D872BA2397F00A1CEAE /* ErrorMockGameResponse.json in Resources */ = {isa = PBXBuildFile; fileRef = 3F7B5D862BA2397F00A1CEAE /* ErrorMockGameResponse.json */; };
		3F7B5D8B2BA23CC900A1CEAE /* GameDetailsViewModelTests.swift in Sources */ = {isa = PBXBuildFile; fileRef = 3F7B5D8A2BA23CC900A1CEAE /* GameDetailsViewModelTests.swift */; };
		3F7B5D8D2BA23CE100A1CEAE /* GamesViewModelTests.swift in Sources */ = {isa = PBXBuildFile; fileRef = 3F7B5D8C2BA23CE100A1CEAE /* GamesViewModelTests.swift */; };
		3F7B5D8F2BA23CF700A1CEAE /* GenresViewModelTests.swift in Sources */ = {isa = PBXBuildFile; fileRef = 3F7B5D8E2BA23CF700A1CEAE /* GenresViewModelTests.swift */; };
		3F7B5D912BA23D1400A1CEAE /* GameDetailsDescriptionViewModelTests.swift in Sources */ = {isa = PBXBuildFile; fileRef = 3F7B5D902BA23D1400A1CEAE /* GameDetailsDescriptionViewModelTests.swift */; };
		3F92C4AE2BB34E1100E860C5 /* GameDetailsCell.swift in Sources */ = {isa = PBXBuildFile; fileRef = 3F92C4AD2BB34E1100E860C5 /* GameDetailsCell.swift */; };
		3FB4BE382BA2620100C9BB79 /* MockAPIService.swift in Sources */ = {isa = PBXBuildFile; fileRef = 3FB4BE372BA2620100C9BB79 /* MockAPIService.swift */; };
		3FB4BE3A2BA2645500C9BB79 /* MockLocalStorageService.swift in Sources */ = {isa = PBXBuildFile; fileRef = 3FB4BE392BA2645500C9BB79 /* MockLocalStorageService.swift */; };
		3FB4DC062B87BCFE00FD8E1B /* SwiftyBeaver in Frameworks */ = {isa = PBXBuildFile; productRef = 3FB4DC052B87BCFE00FD8E1B /* SwiftyBeaver */; };
		3FB4DC082B87C81700FD8E1B /* String+Extension.swift in Sources */ = {isa = PBXBuildFile; fileRef = 3FB4DC072B87C81700FD8E1B /* String+Extension.swift */; };
		3FD643A92B7D3BF200D2F586 /* AppDelegate.swift in Sources */ = {isa = PBXBuildFile; fileRef = 3FD643A82B7D3BF200D2F586 /* AppDelegate.swift */; };
		3FD643AB2B7D3BF200D2F586 /* SceneDelegate.swift in Sources */ = {isa = PBXBuildFile; fileRef = 3FD643AA2B7D3BF200D2F586 /* SceneDelegate.swift */; };
		3FD643AD2B7D3BF200D2F586 /* GenresController.swift in Sources */ = {isa = PBXBuildFile; fileRef = 3FD643AC2B7D3BF200D2F586 /* GenresController.swift */; };
		3FD643B22B7D3BF600D2F586 /* Assets.xcassets in Resources */ = {isa = PBXBuildFile; fileRef = 3FD643B12B7D3BF600D2F586 /* Assets.xcassets */; };
		3FD643B52B7D3BF600D2F586 /* LaunchScreen.storyboard in Resources */ = {isa = PBXBuildFile; fileRef = 3FD643B32B7D3BF600D2F586 /* LaunchScreen.storyboard */; };
		3FD643CA2B7D3BF700D2F586 /* GamesterUITests.swift in Sources */ = {isa = PBXBuildFile; fileRef = 3FD643C92B7D3BF700D2F586 /* GamesterUITests.swift */; };
		3FD643CC2B7D3BF700D2F586 /* GamesterUITestsLaunchTests.swift in Sources */ = {isa = PBXBuildFile; fileRef = 3FD643CB2B7D3BF700D2F586 /* GamesterUITestsLaunchTests.swift */; };
		3FD643E12B7D654D00D2F586 /* Genre.swift in Sources */ = {isa = PBXBuildFile; fileRef = 3FD643E02B7D654D00D2F586 /* Genre.swift */; };
		3FD643E32B7D656C00D2F586 /* Game.swift in Sources */ = {isa = PBXBuildFile; fileRef = 3FD643E22B7D656C00D2F586 /* Game.swift */; };
		3FD643E52B7F6E8500D2F586 /* GenreCell.swift in Sources */ = {isa = PBXBuildFile; fileRef = 3FD643E42B7F6E8500D2F586 /* GenreCell.swift */; };
		3FD643E72B7F7D9100D2F586 /* GamesController.swift in Sources */ = {isa = PBXBuildFile; fileRef = 3FD643E62B7F7D9100D2F586 /* GamesController.swift */; };
		3FD643E92B7F7E8400D2F586 /* GameDetailsController.swift in Sources */ = {isa = PBXBuildFile; fileRef = 3FD643E82B7F7E8400D2F586 /* GameDetailsController.swift */; };
		3FD643EB2B7F877200D2F586 /* GameDetailsViewModel.swift in Sources */ = {isa = PBXBuildFile; fileRef = 3FD643EA2B7F877200D2F586 /* GameDetailsViewModel.swift */; };
		3FD643F32B7FA9D500D2F586 /* GenresViewModel.swift in Sources */ = {isa = PBXBuildFile; fileRef = 3FD643F22B7FA9D500D2F586 /* GenresViewModel.swift */; };
		3FD643F52B7FB64400D2F586 /* GamesViewModel.swift in Sources */ = {isa = PBXBuildFile; fileRef = 3FD643F42B7FB64400D2F586 /* GamesViewModel.swift */; };
		3FD643F72B7FBA9800D2F586 /* GameCell.swift in Sources */ = {isa = PBXBuildFile; fileRef = 3FD643F62B7FBA9800D2F586 /* GameCell.swift */; };
		3FD643F92B7FC7D400D2F586 /* APIService.swift in Sources */ = {isa = PBXBuildFile; fileRef = 3FD643F82B7FC7D400D2F586 /* APIService.swift */; };
		3FD643FC2B80CDFF00D2F586 /* SDWebImage in Frameworks */ = {isa = PBXBuildFile; productRef = 3FD643FB2B80CDFF00D2F586 /* SDWebImage */; };
		3FD643FE2B8185D900D2F586 /* LocalStorageService.swift in Sources */ = {isa = PBXBuildFile; fileRef = 3FD643FD2B8185D900D2F586 /* LocalStorageService.swift */; };
		3FD644012B8250EA00D2F586 /* UINavigationController+Extension.swift in Sources */ = {isa = PBXBuildFile; fileRef = 3FD644002B8250E900D2F586 /* UINavigationController+Extension.swift */; };
		3FD644032B826D5200D2F586 /* APIEndpoint.swift in Sources */ = {isa = PBXBuildFile; fileRef = 3FD644022B826D5200D2F586 /* APIEndpoint.swift */; };
		3FD644052B826D8500D2F586 /* APIServiceProtocol.swift in Sources */ = {isa = PBXBuildFile; fileRef = 3FD644042B826D8500D2F586 /* APIServiceProtocol.swift */; };
		3FD644212B852D0900D2F586 /* ErrorResponse.swift in Sources */ = {isa = PBXBuildFile; fileRef = 3FD644202B852D0900D2F586 /* ErrorResponse.swift */; };
		3FE62C6F2BA1ED6D0052B8DD /* GoogleService-Info.plist in Resources */ = {isa = PBXBuildFile; fileRef = 3FE62C6E2BA1ED6D0052B8DD /* GoogleService-Info.plist */; };
		3FE62C722BA1EE2B0052B8DD /* FirebaseAnalytics in Frameworks */ = {isa = PBXBuildFile; productRef = 3FE62C712BA1EE2B0052B8DD /* FirebaseAnalytics */; };
		3FE62C742BA1EE2B0052B8DD /* FirebaseAnalyticsSwift in Frameworks */ = {isa = PBXBuildFile; productRef = 3FE62C732BA1EE2B0052B8DD /* FirebaseAnalyticsSwift */; };
		3FE62C762BA1EE2B0052B8DD /* FirebaseCrashlytics in Frameworks */ = {isa = PBXBuildFile; productRef = 3FE62C752BA1EE2B0052B8DD /* FirebaseCrashlytics */; };
		3FE62C782BA1EE2B0052B8DD /* FirebaseMessaging in Frameworks */ = {isa = PBXBuildFile; productRef = 3FE62C772BA1EE2B0052B8DD /* FirebaseMessaging */; };
		3FE62C7A2BA1EE2B0052B8DD /* FirebaseRemoteConfig in Frameworks */ = {isa = PBXBuildFile; productRef = 3FE62C792BA1EE2B0052B8DD /* FirebaseRemoteConfig */; };
		3FE62C7C2BA1EE2B0052B8DD /* FirebaseRemoteConfigSwift in Frameworks */ = {isa = PBXBuildFile; productRef = 3FE62C7B2BA1EE2B0052B8DD /* FirebaseRemoteConfigSwift */; };
/* End PBXBuildFile section */

/* Begin PBXContainerItemProxy section */
		3FD643BC2B7D3BF700D2F586 /* PBXContainerItemProxy */ = {
			isa = PBXContainerItemProxy;
			containerPortal = 3FD6439D2B7D3BF200D2F586 /* Project object */;
			proxyType = 1;
			remoteGlobalIDString = 3FD643A42B7D3BF200D2F586;
			remoteInfo = Gamester;
		};
		3FD643C62B7D3BF700D2F586 /* PBXContainerItemProxy */ = {
			isa = PBXContainerItemProxy;
			containerPortal = 3FD6439D2B7D3BF200D2F586 /* Project object */;
			proxyType = 1;
			remoteGlobalIDString = 3FD643A42B7D3BF200D2F586;
			remoteInfo = Gamester;
		};
/* End PBXContainerItemProxy section */

/* Begin PBXFileReference section */
		3F580CB32B867F3200E4FE70 /* PinterestLayout.swift */ = {isa = PBXFileReference; lastKnownFileType = sourcecode.swift; path = PinterestLayout.swift; sourceTree = "<group>"; };
		3F7B5D792BA2327100A1CEAE /* GenreTests.swift */ = {isa = PBXFileReference; lastKnownFileType = sourcecode.swift; path = GenreTests.swift; sourceTree = "<group>"; };
		3F7B5D7B2BA2328200A1CEAE /* GameTests.swift */ = {isa = PBXFileReference; lastKnownFileType = sourcecode.swift; path = GameTests.swift; sourceTree = "<group>"; };
		3F7B5D7D2BA2337C00A1CEAE /* MockGenreResponse.json */ = {isa = PBXFileReference; lastKnownFileType = text.json; path = MockGenreResponse.json; sourceTree = "<group>"; };
		3F7B5D7F2BA236BE00A1CEAE /* ErrorMockGenreResponse.json */ = {isa = PBXFileReference; lastKnownFileType = text.json; path = ErrorMockGenreResponse.json; sourceTree = "<group>"; };
		3F7B5D842BA2396B00A1CEAE /* MockGameResponse.json */ = {isa = PBXFileReference; lastKnownFileType = text.json; path = MockGameResponse.json; sourceTree = "<group>"; };
		3F7B5D862BA2397F00A1CEAE /* ErrorMockGameResponse.json */ = {isa = PBXFileReference; lastKnownFileType = text.json; path = ErrorMockGameResponse.json; sourceTree = "<group>"; };
		3F7B5D8A2BA23CC900A1CEAE /* GameDetailsViewModelTests.swift */ = {isa = PBXFileReference; lastKnownFileType = sourcecode.swift; path = GameDetailsViewModelTests.swift; sourceTree = "<group>"; };
		3F7B5D8C2BA23CE100A1CEAE /* GamesViewModelTests.swift */ = {isa = PBXFileReference; lastKnownFileType = sourcecode.swift; path = GamesViewModelTests.swift; sourceTree = "<group>"; };
		3F7B5D8E2BA23CF700A1CEAE /* GenresViewModelTests.swift */ = {isa = PBXFileReference; lastKnownFileType = sourcecode.swift; path = GenresViewModelTests.swift; sourceTree = "<group>"; };
		3F7B5D902BA23D1400A1CEAE /* GameDetailsDescriptionViewModelTests.swift */ = {isa = PBXFileReference; lastKnownFileType = sourcecode.swift; path = GameDetailsDescriptionViewModelTests.swift; sourceTree = "<group>"; };
		3F92C4AD2BB34E1100E860C5 /* GameDetailsCell.swift */ = {isa = PBXFileReference; lastKnownFileType = sourcecode.swift; path = GameDetailsCell.swift; sourceTree = "<group>"; };
		3FB4BE372BA2620100C9BB79 /* MockAPIService.swift */ = {isa = PBXFileReference; fileEncoding = 4; lastKnownFileType = sourcecode.swift; path = MockAPIService.swift; sourceTree = "<group>"; };
		3FB4BE392BA2645500C9BB79 /* MockLocalStorageService.swift */ = {isa = PBXFileReference; fileEncoding = 4; lastKnownFileType = sourcecode.swift; path = MockLocalStorageService.swift; sourceTree = "<group>"; };
		3FB4DC072B87C81700FD8E1B /* String+Extension.swift */ = {isa = PBXFileReference; lastKnownFileType = sourcecode.swift; path = "String+Extension.swift"; sourceTree = "<group>"; };
		3FD643A52B7D3BF200D2F586 /* Gamester.app */ = {isa = PBXFileReference; explicitFileType = wrapper.application; includeInIndex = 0; path = Gamester.app; sourceTree = BUILT_PRODUCTS_DIR; };
		3FD643A82B7D3BF200D2F586 /* AppDelegate.swift */ = {isa = PBXFileReference; lastKnownFileType = sourcecode.swift; path = AppDelegate.swift; sourceTree = "<group>"; };
		3FD643AA2B7D3BF200D2F586 /* SceneDelegate.swift */ = {isa = PBXFileReference; lastKnownFileType = sourcecode.swift; path = SceneDelegate.swift; sourceTree = "<group>"; };
		3FD643AC2B7D3BF200D2F586 /* GenresController.swift */ = {isa = PBXFileReference; lastKnownFileType = sourcecode.swift; path = GenresController.swift; sourceTree = "<group>"; };
		3FD643B12B7D3BF600D2F586 /* Assets.xcassets */ = {isa = PBXFileReference; lastKnownFileType = folder.assetcatalog; path = Assets.xcassets; sourceTree = "<group>"; };
		3FD643B42B7D3BF600D2F586 /* Base */ = {isa = PBXFileReference; lastKnownFileType = file.storyboard; name = Base; path = Base.lproj/LaunchScreen.storyboard; sourceTree = "<group>"; };
		3FD643B62B7D3BF600D2F586 /* Info.plist */ = {isa = PBXFileReference; lastKnownFileType = text.plist.xml; path = Info.plist; sourceTree = "<group>"; };
		3FD643BB2B7D3BF700D2F586 /* GamesterTests.xctest */ = {isa = PBXFileReference; explicitFileType = wrapper.cfbundle; includeInIndex = 0; path = GamesterTests.xctest; sourceTree = BUILT_PRODUCTS_DIR; };
		3FD643C52B7D3BF700D2F586 /* GamesterUITests.xctest */ = {isa = PBXFileReference; explicitFileType = wrapper.cfbundle; includeInIndex = 0; path = GamesterUITests.xctest; sourceTree = BUILT_PRODUCTS_DIR; };
		3FD643C92B7D3BF700D2F586 /* GamesterUITests.swift */ = {isa = PBXFileReference; lastKnownFileType = sourcecode.swift; path = GamesterUITests.swift; sourceTree = "<group>"; };
		3FD643CB2B7D3BF700D2F586 /* GamesterUITestsLaunchTests.swift */ = {isa = PBXFileReference; lastKnownFileType = sourcecode.swift; path = GamesterUITestsLaunchTests.swift; sourceTree = "<group>"; };
		3FD643E02B7D654D00D2F586 /* Genre.swift */ = {isa = PBXFileReference; lastKnownFileType = sourcecode.swift; path = Genre.swift; sourceTree = "<group>"; };
		3FD643E22B7D656C00D2F586 /* Game.swift */ = {isa = PBXFileReference; lastKnownFileType = sourcecode.swift; path = Game.swift; sourceTree = "<group>"; };
		3FD643E42B7F6E8500D2F586 /* GenreCell.swift */ = {isa = PBXFileReference; lastKnownFileType = sourcecode.swift; path = GenreCell.swift; sourceTree = "<group>"; };
		3FD643E62B7F7D9100D2F586 /* GamesController.swift */ = {isa = PBXFileReference; lastKnownFileType = sourcecode.swift; path = GamesController.swift; sourceTree = "<group>"; };
		3FD643E82B7F7E8400D2F586 /* GameDetailsController.swift */ = {isa = PBXFileReference; lastKnownFileType = sourcecode.swift; path = GameDetailsController.swift; sourceTree = "<group>"; };
		3FD643EA2B7F877200D2F586 /* GameDetailsViewModel.swift */ = {isa = PBXFileReference; lastKnownFileType = sourcecode.swift; path = GameDetailsViewModel.swift; sourceTree = "<group>"; };
		3FD643F22B7FA9D500D2F586 /* GenresViewModel.swift */ = {isa = PBXFileReference; lastKnownFileType = sourcecode.swift; path = GenresViewModel.swift; sourceTree = "<group>"; };
		3FD643F42B7FB64400D2F586 /* GamesViewModel.swift */ = {isa = PBXFileReference; lastKnownFileType = sourcecode.swift; path = GamesViewModel.swift; sourceTree = "<group>"; };
		3FD643F62B7FBA9800D2F586 /* GameCell.swift */ = {isa = PBXFileReference; lastKnownFileType = sourcecode.swift; path = GameCell.swift; sourceTree = "<group>"; };
		3FD643F82B7FC7D400D2F586 /* APIService.swift */ = {isa = PBXFileReference; lastKnownFileType = sourcecode.swift; path = APIService.swift; sourceTree = "<group>"; };
		3FD643FD2B8185D900D2F586 /* LocalStorageService.swift */ = {isa = PBXFileReference; lastKnownFileType = sourcecode.swift; path = LocalStorageService.swift; sourceTree = "<group>"; };
		3FD644002B8250E900D2F586 /* UINavigationController+Extension.swift */ = {isa = PBXFileReference; lastKnownFileType = sourcecode.swift; path = "UINavigationController+Extension.swift"; sourceTree = "<group>"; };
		3FD644022B826D5200D2F586 /* APIEndpoint.swift */ = {isa = PBXFileReference; lastKnownFileType = sourcecode.swift; path = APIEndpoint.swift; sourceTree = "<group>"; };
		3FD644042B826D8500D2F586 /* APIServiceProtocol.swift */ = {isa = PBXFileReference; lastKnownFileType = sourcecode.swift; path = APIServiceProtocol.swift; sourceTree = "<group>"; };
		3FD644202B852D0900D2F586 /* ErrorResponse.swift */ = {isa = PBXFileReference; lastKnownFileType = sourcecode.swift; path = ErrorResponse.swift; sourceTree = "<group>"; };
		3FE62C6E2BA1ED6D0052B8DD /* GoogleService-Info.plist */ = {isa = PBXFileReference; fileEncoding = 4; lastKnownFileType = text.plist.xml; path = "GoogleService-Info.plist"; sourceTree = "<group>"; };
/* End PBXFileReference section */

/* Begin PBXFrameworksBuildPhase section */
		3FD643A22B7D3BF200D2F586 /* Frameworks */ = {
			isa = PBXFrameworksBuildPhase;
			buildActionMask = 2147483647;
			files = (
				3FE62C782BA1EE2B0052B8DD /* FirebaseMessaging in Frameworks */,
				3FE62C7C2BA1EE2B0052B8DD /* FirebaseRemoteConfigSwift in Frameworks */,
				3FE62C742BA1EE2B0052B8DD /* FirebaseAnalyticsSwift in Frameworks */,
				3FD643FC2B80CDFF00D2F586 /* SDWebImage in Frameworks */,
				3FE62C7A2BA1EE2B0052B8DD /* FirebaseRemoteConfig in Frameworks */,
				3FE62C762BA1EE2B0052B8DD /* FirebaseCrashlytics in Frameworks */,
				3FB4DC062B87BCFE00FD8E1B /* SwiftyBeaver in Frameworks */,
				3FE62C722BA1EE2B0052B8DD /* FirebaseAnalytics in Frameworks */,
			);
			runOnlyForDeploymentPostprocessing = 0;
		};
		3FD643B82B7D3BF700D2F586 /* Frameworks */ = {
			isa = PBXFrameworksBuildPhase;
			buildActionMask = 2147483647;
			files = (
			);
			runOnlyForDeploymentPostprocessing = 0;
		};
		3FD643C22B7D3BF700D2F586 /* Frameworks */ = {
			isa = PBXFrameworksBuildPhase;
			buildActionMask = 2147483647;
			files = (
			);
			runOnlyForDeploymentPostprocessing = 0;
		};
/* End PBXFrameworksBuildPhase section */

/* Begin PBXGroup section */
		3F580CB22B867F1A00E4FE70 /* CollectionLayout */ = {
			isa = PBXGroup;
			children = (
				3F580CB32B867F3200E4FE70 /* PinterestLayout.swift */,
			);
			path = CollectionLayout;
			sourceTree = "<group>";
		};
		3F7B5D812BA2383C00A1CEAE /* MockResponses */ = {
			isa = PBXGroup;
			children = (
				3F7B5D832BA2395700A1CEAE /* Game */,
				3F7B5D822BA2394B00A1CEAE /* Genre */,
			);
			path = MockResponses;
			sourceTree = "<group>";
		};
		3F7B5D822BA2394B00A1CEAE /* Genre */ = {
			isa = PBXGroup;
			children = (
				3F7B5D7D2BA2337C00A1CEAE /* MockGenreResponse.json */,
				3F7B5D7F2BA236BE00A1CEAE /* ErrorMockGenreResponse.json */,
			);
			path = Genre;
			sourceTree = "<group>";
		};
		3F7B5D832BA2395700A1CEAE /* Game */ = {
			isa = PBXGroup;
			children = (
				3F7B5D842BA2396B00A1CEAE /* MockGameResponse.json */,
				3F7B5D862BA2397F00A1CEAE /* ErrorMockGameResponse.json */,
			);
			path = Game;
			sourceTree = "<group>";
		};
		3F7B5D882BA23C7500A1CEAE /* ModelUnitTests */ = {
			isa = PBXGroup;
			children = (
				3F7B5D812BA2383C00A1CEAE /* MockResponses */,
				3F7B5D792BA2327100A1CEAE /* GenreTests.swift */,
				3F7B5D7B2BA2328200A1CEAE /* GameTests.swift */,
			);
			path = ModelUnitTests;
			sourceTree = "<group>";
		};
		3F7B5D892BA23C9600A1CEAE /* ViewModelUnitTests */ = {
			isa = PBXGroup;
			children = (
				3F7B5D8A2BA23CC900A1CEAE /* GameDetailsViewModelTests.swift */,
				3F7B5D8C2BA23CE100A1CEAE /* GamesViewModelTests.swift */,
				3F7B5D8E2BA23CF700A1CEAE /* GenresViewModelTests.swift */,
				3F7B5D902BA23D1400A1CEAE /* GameDetailsDescriptionViewModelTests.swift */,
			);
			path = ViewModelUnitTests;
			sourceTree = "<group>";
		};
		3F92C4AC2BB338F700E860C5 /* TableViewCells */ = {
			isa = PBXGroup;
			children = (
				3FD643F62B7FBA9800D2F586 /* GameCell.swift */,
				3FD643E42B7F6E8500D2F586 /* GenreCell.swift */,
				3F92C4AD2BB34E1100E860C5 /* GameDetailsCell.swift */,
			);
			path = TableViewCells;
			sourceTree = "<group>";
		};
		3FD6439C2B7D3BF200D2F586 = {
			isa = PBXGroup;
			children = (
				3FD643A72B7D3BF200D2F586 /* Gamester */,
				3FD643BE2B7D3BF700D2F586 /* GamesterTests */,
				3FD643C82B7D3BF700D2F586 /* GamesterUITests */,
				3FD643A62B7D3BF200D2F586 /* Products */,
			);
			sourceTree = "<group>";
		};
		3FD643A62B7D3BF200D2F586 /* Products */ = {
			isa = PBXGroup;
			children = (
				3FD643A52B7D3BF200D2F586 /* Gamester.app */,
				3FD643BB2B7D3BF700D2F586 /* GamesterTests.xctest */,
				3FD643C52B7D3BF700D2F586 /* GamesterUITests.xctest */,
			);
			name = Products;
			sourceTree = "<group>";
		};
		3FD643A72B7D3BF200D2F586 /* Gamester */ = {
			isa = PBXGroup;
			children = (
				3FD644062B83960700D2F586 /* Services */,
				3FD643FF2B8250CB00D2F586 /* Extensions */,
				3FD643DD2B7D579100D2F586 /* Supporting */,
				3FD643DC2B7D575100D2F586 /* Controllers */,
				3FD643DB2B7D574B00D2F586 /* ViewModels */,
				3FD643DA2B7D574500D2F586 /* Views */,
				3FD643D92B7D573E00D2F586 /* Models */,
				3FD643D82B7D573700D2F586 /* API */,
			);
			path = Gamester;
			sourceTree = "<group>";
		};
		3FD643BE2B7D3BF700D2F586 /* GamesterTests */ = {
			isa = PBXGroup;
			children = (
				3F7B5D892BA23C9600A1CEAE /* ViewModelUnitTests */,
				3F7B5D882BA23C7500A1CEAE /* ModelUnitTests */,
			);
			path = GamesterTests;
			sourceTree = "<group>";
		};
		3FD643C82B7D3BF700D2F586 /* GamesterUITests */ = {
			isa = PBXGroup;
			children = (
				3FD643C92B7D3BF700D2F586 /* GamesterUITests.swift */,
				3FD643CB2B7D3BF700D2F586 /* GamesterUITestsLaunchTests.swift */,
			);
			path = GamesterUITests;
			sourceTree = "<group>";
		};
		3FD643D82B7D573700D2F586 /* API */ = {
			isa = PBXGroup;
			children = (
				3FD644022B826D5200D2F586 /* APIEndpoint.swift */,
				3FD644042B826D8500D2F586 /* APIServiceProtocol.swift */,
				3FD644202B852D0900D2F586 /* ErrorResponse.swift */,
			);
			path = API;
			sourceTree = "<group>";
		};
		3FD643D92B7D573E00D2F586 /* Models */ = {
			isa = PBXGroup;
			children = (
				3FD643E02B7D654D00D2F586 /* Genre.swift */,
				3FD643E22B7D656C00D2F586 /* Game.swift */,
			);
			path = Models;
			sourceTree = "<group>";
		};
		3FD643DA2B7D574500D2F586 /* Views */ = {
			isa = PBXGroup;
			children = (
				3F92C4AC2BB338F700E860C5 /* TableViewCells */,
				3F580CB22B867F1A00E4FE70 /* CollectionLayout */,
			);
			path = Views;
			sourceTree = "<group>";
		};
		3FD643DB2B7D574B00D2F586 /* ViewModels */ = {
			isa = PBXGroup;
			children = (
				3FD643EA2B7F877200D2F586 /* GameDetailsViewModel.swift */,
				3FD643F22B7FA9D500D2F586 /* GenresViewModel.swift */,
				3FD643F42B7FB64400D2F586 /* GamesViewModel.swift */,
			);
			path = ViewModels;
			sourceTree = "<group>";
		};
		3FD643DC2B7D575100D2F586 /* Controllers */ = {
			isa = PBXGroup;
			children = (
				3FD643AC2B7D3BF200D2F586 /* GenresController.swift */,
				3FD643E62B7F7D9100D2F586 /* GamesController.swift */,
				3FD643E82B7F7E8400D2F586 /* GameDetailsController.swift */,
			);
			path = Controllers;
			sourceTree = "<group>";
		};
		3FD643DD2B7D579100D2F586 /* Supporting */ = {
			isa = PBXGroup;
			children = (
				3FE62C6E2BA1ED6D0052B8DD /* GoogleService-Info.plist */,
				3FD643B62B7D3BF600D2F586 /* Info.plist */,
				3FD643B32B7D3BF600D2F586 /* LaunchScreen.storyboard */,
				3FD643B12B7D3BF600D2F586 /* Assets.xcassets */,
				3FD643A82B7D3BF200D2F586 /* AppDelegate.swift */,
				3FD643AA2B7D3BF200D2F586 /* SceneDelegate.swift */,
			);
			path = Supporting;
			sourceTree = "<group>";
		};
		3FD643FF2B8250CB00D2F586 /* Extensions */ = {
			isa = PBXGroup;
			children = (
				3FD644002B8250E900D2F586 /* UINavigationController+Extension.swift */,
				3FB4DC072B87C81700FD8E1B /* String+Extension.swift */,
			);
			path = Extensions;
			sourceTree = "<group>";
		};
		3FD644062B83960700D2F586 /* Services */ = {
			isa = PBXGroup;
			children = (
				3FB4BE392BA2645500C9BB79 /* MockLocalStorageService.swift */,
				3FB4BE372BA2620100C9BB79 /* MockAPIService.swift */,
				3FD643FD2B8185D900D2F586 /* LocalStorageService.swift */,
				3FD643F82B7FC7D400D2F586 /* APIService.swift */,
			);
			path = Services;
			sourceTree = "<group>";
		};
/* End PBXGroup section */

/* Begin PBXNativeTarget section */
		3FD643A42B7D3BF200D2F586 /* Gamester */ = {
			isa = PBXNativeTarget;
			buildConfigurationList = 3FD643CF2B7D3BF700D2F586 /* Build configuration list for PBXNativeTarget "Gamester" */;
			buildPhases = (
				3FD643A12B7D3BF200D2F586 /* Sources */,
				3FD643A22B7D3BF200D2F586 /* Frameworks */,
				3FD643A32B7D3BF200D2F586 /* Resources */,
			);
			buildRules = (
			);
			dependencies = (
			);
			name = Gamester;
			packageProductDependencies = (
				3FD643FB2B80CDFF00D2F586 /* SDWebImage */,
				3FB4DC052B87BCFE00FD8E1B /* SwiftyBeaver */,
				3FE62C712BA1EE2B0052B8DD /* FirebaseAnalytics */,
				3FE62C732BA1EE2B0052B8DD /* FirebaseAnalyticsSwift */,
				3FE62C752BA1EE2B0052B8DD /* FirebaseCrashlytics */,
				3FE62C772BA1EE2B0052B8DD /* FirebaseMessaging */,
				3FE62C792BA1EE2B0052B8DD /* FirebaseRemoteConfig */,
				3FE62C7B2BA1EE2B0052B8DD /* FirebaseRemoteConfigSwift */,
			);
			productName = Gamester;
			productReference = 3FD643A52B7D3BF200D2F586 /* Gamester.app */;
			productType = "com.apple.product-type.application";
		};
		3FD643BA2B7D3BF700D2F586 /* GamesterTests */ = {
			isa = PBXNativeTarget;
			buildConfigurationList = 3FD643D22B7D3BF700D2F586 /* Build configuration list for PBXNativeTarget "GamesterTests" */;
			buildPhases = (
				3FD643B72B7D3BF700D2F586 /* Sources */,
				3FD643B82B7D3BF700D2F586 /* Frameworks */,
				3FD643B92B7D3BF700D2F586 /* Resources */,
			);
			buildRules = (
			);
			dependencies = (
				3FD643BD2B7D3BF700D2F586 /* PBXTargetDependency */,
			);
			name = GamesterTests;
			productName = GamesterTests;
			productReference = 3FD643BB2B7D3BF700D2F586 /* GamesterTests.xctest */;
			productType = "com.apple.product-type.bundle.unit-test";
		};
		3FD643C42B7D3BF700D2F586 /* GamesterUITests */ = {
			isa = PBXNativeTarget;
			buildConfigurationList = 3FD643D52B7D3BF700D2F586 /* Build configuration list for PBXNativeTarget "GamesterUITests" */;
			buildPhases = (
				3FD643C12B7D3BF700D2F586 /* Sources */,
				3FD643C22B7D3BF700D2F586 /* Frameworks */,
				3FD643C32B7D3BF700D2F586 /* Resources */,
			);
			buildRules = (
			);
			dependencies = (
				3FD643C72B7D3BF700D2F586 /* PBXTargetDependency */,
			);
			name = GamesterUITests;
			productName = GamesterUITests;
			productReference = 3FD643C52B7D3BF700D2F586 /* GamesterUITests.xctest */;
			productType = "com.apple.product-type.bundle.ui-testing";
		};
/* End PBXNativeTarget section */

/* Begin PBXProject section */
		3FD6439D2B7D3BF200D2F586 /* Project object */ = {
			isa = PBXProject;
			attributes = {
				BuildIndependentTargetsInParallel = 1;
				LastSwiftUpdateCheck = 1520;
				LastUpgradeCheck = 1520;
				TargetAttributes = {
					3FD643A42B7D3BF200D2F586 = {
						CreatedOnToolsVersion = 15.2;
					};
					3FD643BA2B7D3BF700D2F586 = {
						CreatedOnToolsVersion = 15.2;
						TestTargetID = 3FD643A42B7D3BF200D2F586;
					};
					3FD643C42B7D3BF700D2F586 = {
						CreatedOnToolsVersion = 15.2;
						TestTargetID = 3FD643A42B7D3BF200D2F586;
					};
				};
			};
			buildConfigurationList = 3FD643A02B7D3BF200D2F586 /* Build configuration list for PBXProject "Gamester" */;
			compatibilityVersion = "Xcode 14.0";
			developmentRegion = en;
			hasScannedForEncodings = 0;
			knownRegions = (
				en,
				Base,
			);
			mainGroup = 3FD6439C2B7D3BF200D2F586;
			packageReferences = (
				3FD643FA2B80CD3D00D2F586 /* XCRemoteSwiftPackageReference "SDWebImage" */,
				3FB4DC042B87BCFE00FD8E1B /* XCRemoteSwiftPackageReference "SwiftyBeaver" */,
				3FE62C702BA1EE2B0052B8DD /* XCRemoteSwiftPackageReference "firebase-ios-sdk" */,
			);
			productRefGroup = 3FD643A62B7D3BF200D2F586 /* Products */;
			projectDirPath = "";
			projectRoot = "";
			targets = (
				3FD643A42B7D3BF200D2F586 /* Gamester */,
				3FD643BA2B7D3BF700D2F586 /* GamesterTests */,
				3FD643C42B7D3BF700D2F586 /* GamesterUITests */,
			);
		};
/* End PBXProject section */

/* Begin PBXResourcesBuildPhase section */
		3FD643A32B7D3BF200D2F586 /* Resources */ = {
			isa = PBXResourcesBuildPhase;
			buildActionMask = 2147483647;
			files = (
				3FD643B52B7D3BF600D2F586 /* LaunchScreen.storyboard in Resources */,
				3FE62C6F2BA1ED6D0052B8DD /* GoogleService-Info.plist in Resources */,
				3FD643B22B7D3BF600D2F586 /* Assets.xcassets in Resources */,
			);
			runOnlyForDeploymentPostprocessing = 0;
		};
		3FD643B92B7D3BF700D2F586 /* Resources */ = {
			isa = PBXResourcesBuildPhase;
			buildActionMask = 2147483647;
			files = (
				3F7B5D7E2BA2337C00A1CEAE /* MockGenreResponse.json in Resources */,
				3F7B5D852BA2396B00A1CEAE /* MockGameResponse.json in Resources */,
				3F7B5D802BA236BE00A1CEAE /* ErrorMockGenreResponse.json in Resources */,
				3F7B5D872BA2397F00A1CEAE /* ErrorMockGameResponse.json in Resources */,
			);
			runOnlyForDeploymentPostprocessing = 0;
		};
		3FD643C32B7D3BF700D2F586 /* Resources */ = {
			isa = PBXResourcesBuildPhase;
			buildActionMask = 2147483647;
			files = (
			);
			runOnlyForDeploymentPostprocessing = 0;
		};
/* End PBXResourcesBuildPhase section */

/* Begin PBXSourcesBuildPhase section */
		3FD643A12B7D3BF200D2F586 /* Sources */ = {
			isa = PBXSourcesBuildPhase;
			buildActionMask = 2147483647;
			files = (
				3F580CB42B867F3200E4FE70 /* PinterestLayout.swift in Sources */,
				3FB4DC082B87C81700FD8E1B /* String+Extension.swift in Sources */,
				3FD644052B826D8500D2F586 /* APIServiceProtocol.swift in Sources */,
				3FD643AD2B7D3BF200D2F586 /* GenresController.swift in Sources */,
				3FD643EB2B7F877200D2F586 /* GameDetailsViewModel.swift in Sources */,
				3FD643F92B7FC7D400D2F586 /* APIService.swift in Sources */,
				3FD643E72B7F7D9100D2F586 /* GamesController.swift in Sources */,
				3FD643F72B7FBA9800D2F586 /* GameCell.swift in Sources */,
				3FD643E32B7D656C00D2F586 /* Game.swift in Sources */,
				3FD643F32B7FA9D500D2F586 /* GenresViewModel.swift in Sources */,
				3FD643E52B7F6E8500D2F586 /* GenreCell.swift in Sources */,
				3F92C4AE2BB34E1100E860C5 /* GameDetailsCell.swift in Sources */,
				3FB4BE382BA2620100C9BB79 /* MockAPIService.swift in Sources */,
				3FD643F52B7FB64400D2F586 /* GamesViewModel.swift in Sources */,
				3FD643A92B7D3BF200D2F586 /* AppDelegate.swift in Sources */,
				3FD643AB2B7D3BF200D2F586 /* SceneDelegate.swift in Sources */,
				3FD644012B8250EA00D2F586 /* UINavigationController+Extension.swift in Sources */,
				3FD643E92B7F7E8400D2F586 /* GameDetailsController.swift in Sources */,
				3FD643FE2B8185D900D2F586 /* LocalStorageService.swift in Sources */,
				3FB4BE3A2BA2645500C9BB79 /* MockLocalStorageService.swift in Sources */,
				3FD644032B826D5200D2F586 /* APIEndpoint.swift in Sources */,
				3FD644212B852D0900D2F586 /* ErrorResponse.swift in Sources */,
				3FD643E12B7D654D00D2F586 /* Genre.swift in Sources */,
			);
			runOnlyForDeploymentPostprocessing = 0;
		};
		3FD643B72B7D3BF700D2F586 /* Sources */ = {
			isa = PBXSourcesBuildPhase;
			buildActionMask = 2147483647;
			files = (
				3F7B5D912BA23D1400A1CEAE /* GameDetailsDescriptionViewModelTests.swift in Sources */,
				3F7B5D8D2BA23CE100A1CEAE /* GamesViewModelTests.swift in Sources */,
				3F7B5D8B2BA23CC900A1CEAE /* GameDetailsViewModelTests.swift in Sources */,
				3F7B5D7C2BA2328200A1CEAE /* GameTests.swift in Sources */,
				3F7B5D7A2BA2327100A1CEAE /* GenreTests.swift in Sources */,
				3F7B5D8F2BA23CF700A1CEAE /* GenresViewModelTests.swift in Sources */,
			);
			runOnlyForDeploymentPostprocessing = 0;
		};
		3FD643C12B7D3BF700D2F586 /* Sources */ = {
			isa = PBXSourcesBuildPhase;
			buildActionMask = 2147483647;
			files = (
				3FD643CC2B7D3BF700D2F586 /* GamesterUITestsLaunchTests.swift in Sources */,
				3FD643CA2B7D3BF700D2F586 /* GamesterUITests.swift in Sources */,
			);
			runOnlyForDeploymentPostprocessing = 0;
		};
/* End PBXSourcesBuildPhase section */

/* Begin PBXTargetDependency section */
		3FD643BD2B7D3BF700D2F586 /* PBXTargetDependency */ = {
			isa = PBXTargetDependency;
			target = 3FD643A42B7D3BF200D2F586 /* Gamester */;
			targetProxy = 3FD643BC2B7D3BF700D2F586 /* PBXContainerItemProxy */;
		};
		3FD643C72B7D3BF700D2F586 /* PBXTargetDependency */ = {
			isa = PBXTargetDependency;
			target = 3FD643A42B7D3BF200D2F586 /* Gamester */;
			targetProxy = 3FD643C62B7D3BF700D2F586 /* PBXContainerItemProxy */;
		};
/* End PBXTargetDependency section */

/* Begin PBXVariantGroup section */
		3FD643B32B7D3BF600D2F586 /* LaunchScreen.storyboard */ = {
			isa = PBXVariantGroup;
			children = (
				3FD643B42B7D3BF600D2F586 /* Base */,
			);
			name = LaunchScreen.storyboard;
			sourceTree = "<group>";
		};
/* End PBXVariantGroup section */

/* Begin XCBuildConfiguration section */
		3FD643CD2B7D3BF700D2F586 /* Debug */ = {
			isa = XCBuildConfiguration;
			buildSettings = {
				ALWAYS_SEARCH_USER_PATHS = NO;
				ASSETCATALOG_COMPILER_GENERATE_SWIFT_ASSET_SYMBOL_EXTENSIONS = YES;
				CLANG_ANALYZER_NONNULL = YES;
				CLANG_ANALYZER_NUMBER_OBJECT_CONVERSION = YES_AGGRESSIVE;
				CLANG_CXX_LANGUAGE_STANDARD = "gnu++20";
				CLANG_ENABLE_MODULES = YES;
				CLANG_ENABLE_OBJC_ARC = YES;
				CLANG_ENABLE_OBJC_WEAK = YES;
				CLANG_WARN_BLOCK_CAPTURE_AUTORELEASING = YES;
				CLANG_WARN_BOOL_CONVERSION = YES;
				CLANG_WARN_COMMA = YES;
				CLANG_WARN_CONSTANT_CONVERSION = YES;
				CLANG_WARN_DEPRECATED_OBJC_IMPLEMENTATIONS = YES;
				CLANG_WARN_DIRECT_OBJC_ISA_USAGE = YES_ERROR;
				CLANG_WARN_DOCUMENTATION_COMMENTS = YES;
				CLANG_WARN_EMPTY_BODY = YES;
				CLANG_WARN_ENUM_CONVERSION = YES;
				CLANG_WARN_INFINITE_RECURSION = YES;
				CLANG_WARN_INT_CONVERSION = YES;
				CLANG_WARN_NON_LITERAL_NULL_CONVERSION = YES;
				CLANG_WARN_OBJC_IMPLICIT_RETAIN_SELF = YES;
				CLANG_WARN_OBJC_LITERAL_CONVERSION = YES;
				CLANG_WARN_OBJC_ROOT_CLASS = YES_ERROR;
				CLANG_WARN_QUOTED_INCLUDE_IN_FRAMEWORK_HEADER = YES;
				CLANG_WARN_RANGE_LOOP_ANALYSIS = YES;
				CLANG_WARN_STRICT_PROTOTYPES = YES;
				CLANG_WARN_SUSPICIOUS_MOVE = YES;
				CLANG_WARN_UNGUARDED_AVAILABILITY = YES_AGGRESSIVE;
				CLANG_WARN_UNREACHABLE_CODE = YES;
				CLANG_WARN__DUPLICATE_METHOD_MATCH = YES;
				COPY_PHASE_STRIP = NO;
				DEBUG_INFORMATION_FORMAT = dwarf;
				ENABLE_STRICT_OBJC_MSGSEND = YES;
				ENABLE_TESTABILITY = YES;
				ENABLE_USER_SCRIPT_SANDBOXING = YES;
				GCC_C_LANGUAGE_STANDARD = gnu17;
				GCC_DYNAMIC_NO_PIC = NO;
				GCC_NO_COMMON_BLOCKS = YES;
				GCC_OPTIMIZATION_LEVEL = 0;
				GCC_PREPROCESSOR_DEFINITIONS = (
					"DEBUG=1",
					"$(inherited)",
				);
				GCC_WARN_64_TO_32_BIT_CONVERSION = YES;
				GCC_WARN_ABOUT_RETURN_TYPE = YES_ERROR;
				GCC_WARN_UNDECLARED_SELECTOR = YES;
				GCC_WARN_UNINITIALIZED_AUTOS = YES_AGGRESSIVE;
				GCC_WARN_UNUSED_FUNCTION = YES;
				GCC_WARN_UNUSED_VARIABLE = YES;
				INFOPLIST_FILE = Supporting/Info.plist;
				IPHONEOS_DEPLOYMENT_TARGET = 13.0;
				LOCALIZATION_PREFERS_STRING_CATALOGS = YES;
				MTL_ENABLE_DEBUG_INFO = INCLUDE_SOURCE;
				MTL_FAST_MATH = YES;
				ONLY_ACTIVE_ARCH = YES;
				SDKROOT = iphoneos;
				SWIFT_ACTIVE_COMPILATION_CONDITIONS = "DEBUG $(inherited)";
				SWIFT_OPTIMIZATION_LEVEL = "-Onone";
			};
			name = Debug;
		};
		3FD643CE2B7D3BF700D2F586 /* Release */ = {
			isa = XCBuildConfiguration;
			buildSettings = {
				ALWAYS_SEARCH_USER_PATHS = NO;
				ASSETCATALOG_COMPILER_GENERATE_SWIFT_ASSET_SYMBOL_EXTENSIONS = YES;
				CLANG_ANALYZER_NONNULL = YES;
				CLANG_ANALYZER_NUMBER_OBJECT_CONVERSION = YES_AGGRESSIVE;
				CLANG_CXX_LANGUAGE_STANDARD = "gnu++20";
				CLANG_ENABLE_MODULES = YES;
				CLANG_ENABLE_OBJC_ARC = YES;
				CLANG_ENABLE_OBJC_WEAK = YES;
				CLANG_WARN_BLOCK_CAPTURE_AUTORELEASING = YES;
				CLANG_WARN_BOOL_CONVERSION = YES;
				CLANG_WARN_COMMA = YES;
				CLANG_WARN_CONSTANT_CONVERSION = YES;
				CLANG_WARN_DEPRECATED_OBJC_IMPLEMENTATIONS = YES;
				CLANG_WARN_DIRECT_OBJC_ISA_USAGE = YES_ERROR;
				CLANG_WARN_DOCUMENTATION_COMMENTS = YES;
				CLANG_WARN_EMPTY_BODY = YES;
				CLANG_WARN_ENUM_CONVERSION = YES;
				CLANG_WARN_INFINITE_RECURSION = YES;
				CLANG_WARN_INT_CONVERSION = YES;
				CLANG_WARN_NON_LITERAL_NULL_CONVERSION = YES;
				CLANG_WARN_OBJC_IMPLICIT_RETAIN_SELF = YES;
				CLANG_WARN_OBJC_LITERAL_CONVERSION = YES;
				CLANG_WARN_OBJC_ROOT_CLASS = YES_ERROR;
				CLANG_WARN_QUOTED_INCLUDE_IN_FRAMEWORK_HEADER = YES;
				CLANG_WARN_RANGE_LOOP_ANALYSIS = YES;
				CLANG_WARN_STRICT_PROTOTYPES = YES;
				CLANG_WARN_SUSPICIOUS_MOVE = YES;
				CLANG_WARN_UNGUARDED_AVAILABILITY = YES_AGGRESSIVE;
				CLANG_WARN_UNREACHABLE_CODE = YES;
				CLANG_WARN__DUPLICATE_METHOD_MATCH = YES;
				COPY_PHASE_STRIP = NO;
				DEBUG_INFORMATION_FORMAT = "dwarf-with-dsym";
				ENABLE_NS_ASSERTIONS = NO;
				ENABLE_STRICT_OBJC_MSGSEND = YES;
				ENABLE_USER_SCRIPT_SANDBOXING = YES;
				GCC_C_LANGUAGE_STANDARD = gnu17;
				GCC_NO_COMMON_BLOCKS = YES;
				GCC_WARN_64_TO_32_BIT_CONVERSION = YES;
				GCC_WARN_ABOUT_RETURN_TYPE = YES_ERROR;
				GCC_WARN_UNDECLARED_SELECTOR = YES;
				GCC_WARN_UNINITIALIZED_AUTOS = YES_AGGRESSIVE;
				GCC_WARN_UNUSED_FUNCTION = YES;
				GCC_WARN_UNUSED_VARIABLE = YES;
				INFOPLIST_FILE = Supporting/Info.plist;
				IPHONEOS_DEPLOYMENT_TARGET = 13.0;
				LOCALIZATION_PREFERS_STRING_CATALOGS = YES;
				MTL_ENABLE_DEBUG_INFO = NO;
				MTL_FAST_MATH = YES;
				SDKROOT = iphoneos;
				SWIFT_COMPILATION_MODE = wholemodule;
				VALIDATE_PRODUCT = YES;
			};
			name = Release;
		};
		3FD643D02B7D3BF700D2F586 /* Debug */ = {
			isa = XCBuildConfiguration;
			buildSettings = {
				ASSETCATALOG_COMPILER_APPICON_NAME = AppIcon;
				ASSETCATALOG_COMPILER_GLOBAL_ACCENT_COLOR_NAME = AccentColor;
				CODE_SIGN_STYLE = Automatic;
				CURRENT_PROJECT_VERSION = 1;
				DEVELOPMENT_TEAM = 77W89J72K4;
				GENERATE_INFOPLIST_FILE = YES;
				INFOPLIST_FILE = Gamester/Supporting/Info.plist;
				INFOPLIST_KEY_UIApplicationSupportsIndirectInputEvents = YES;
				INFOPLIST_KEY_UILaunchStoryboardName = LaunchScreen;
				INFOPLIST_KEY_UISupportedInterfaceOrientations_iPad = "UIInterfaceOrientationPortrait UIInterfaceOrientationPortraitUpsideDown UIInterfaceOrientationLandscapeLeft UIInterfaceOrientationLandscapeRight";
				INFOPLIST_KEY_UISupportedInterfaceOrientations_iPhone = "UIInterfaceOrientationPortrait UIInterfaceOrientationLandscapeLeft UIInterfaceOrientationLandscapeRight";
				IPHONEOS_DEPLOYMENT_TARGET = 13.0;
				LD_RUNPATH_SEARCH_PATHS = (
					"$(inherited)",
					"@executable_path/Frameworks",
				);
				MARKETING_VERSION = 1.0;
				PRODUCT_BUNDLE_IDENTIFIER = com.cavaevinci.Gamester;
				PRODUCT_NAME = "$(TARGET_NAME)";
				SWIFT_EMIT_LOC_STRINGS = YES;
				SWIFT_VERSION = 5.0;
				TARGETED_DEVICE_FAMILY = "1,2";
			};
			name = Debug;
		};
		3FD643D12B7D3BF700D2F586 /* Release */ = {
			isa = XCBuildConfiguration;
			buildSettings = {
				ASSETCATALOG_COMPILER_APPICON_NAME = AppIcon;
				ASSETCATALOG_COMPILER_GLOBAL_ACCENT_COLOR_NAME = AccentColor;
				CODE_SIGN_STYLE = Automatic;
				CURRENT_PROJECT_VERSION = 1;
				DEVELOPMENT_TEAM = 77W89J72K4;
				GENERATE_INFOPLIST_FILE = YES;
				INFOPLIST_FILE = Gamester/Supporting/Info.plist;
				INFOPLIST_KEY_UIApplicationSupportsIndirectInputEvents = YES;
				INFOPLIST_KEY_UILaunchStoryboardName = LaunchScreen;
				INFOPLIST_KEY_UISupportedInterfaceOrientations_iPad = "UIInterfaceOrientationPortrait UIInterfaceOrientationPortraitUpsideDown UIInterfaceOrientationLandscapeLeft UIInterfaceOrientationLandscapeRight";
				INFOPLIST_KEY_UISupportedInterfaceOrientations_iPhone = "UIInterfaceOrientationPortrait UIInterfaceOrientationLandscapeLeft UIInterfaceOrientationLandscapeRight";
				IPHONEOS_DEPLOYMENT_TARGET = 13.0;
				LD_RUNPATH_SEARCH_PATHS = (
					"$(inherited)",
					"@executable_path/Frameworks",
				);
				MARKETING_VERSION = 1.0;
				PRODUCT_BUNDLE_IDENTIFIER = com.cavaevinci.Gamester;
				PRODUCT_NAME = "$(TARGET_NAME)";
				SWIFT_EMIT_LOC_STRINGS = YES;
				SWIFT_VERSION = 5.0;
				TARGETED_DEVICE_FAMILY = "1,2";
			};
			name = Release;
		};
		3FD643D32B7D3BF700D2F586 /* Debug */ = {
			isa = XCBuildConfiguration;
			buildSettings = {
				ALWAYS_EMBED_SWIFT_STANDARD_LIBRARIES = YES;
				BUNDLE_LOADER = "$(TEST_HOST)";
				CODE_SIGN_STYLE = Automatic;
				CURRENT_PROJECT_VERSION = 1;
				DEVELOPMENT_TEAM = 77W89J72K4;
				GENERATE_INFOPLIST_FILE = YES;
				INFOPLIST_FILE = Gamester/Supporting/Info.plist;
				IPHONEOS_DEPLOYMENT_TARGET = 13.0;
				MARKETING_VERSION = 1.0;
				PRODUCT_BUNDLE_IDENTIFIER = com.cavaevinci.GamesterTests;
				PRODUCT_NAME = "$(TARGET_NAME)";
				SWIFT_EMIT_LOC_STRINGS = NO;
				SWIFT_VERSION = 5.0;
				TARGETED_DEVICE_FAMILY = "1,2";
				TEST_HOST = "$(BUILT_PRODUCTS_DIR)/Gamester.app/$(BUNDLE_EXECUTABLE_FOLDER_PATH)/Gamester";
			};
			name = Debug;
		};
		3FD643D42B7D3BF700D2F586 /* Release */ = {
			isa = XCBuildConfiguration;
			buildSettings = {
				ALWAYS_EMBED_SWIFT_STANDARD_LIBRARIES = YES;
				BUNDLE_LOADER = "$(TEST_HOST)";
				CODE_SIGN_STYLE = Automatic;
				CURRENT_PROJECT_VERSION = 1;
				DEVELOPMENT_TEAM = 77W89J72K4;
				GENERATE_INFOPLIST_FILE = YES;
				INFOPLIST_FILE = Gamester/Supporting/Info.plist;
				IPHONEOS_DEPLOYMENT_TARGET = 13.0;
				MARKETING_VERSION = 1.0;
				PRODUCT_BUNDLE_IDENTIFIER = com.cavaevinci.GamesterTests;
				PRODUCT_NAME = "$(TARGET_NAME)";
				SWIFT_EMIT_LOC_STRINGS = NO;
				SWIFT_VERSION = 5.0;
				TARGETED_DEVICE_FAMILY = "1,2";
				TEST_HOST = "$(BUILT_PRODUCTS_DIR)/Gamester.app/$(BUNDLE_EXECUTABLE_FOLDER_PATH)/Gamester";
			};
			name = Release;
		};
		3FD643D62B7D3BF700D2F586 /* Debug */ = {
			isa = XCBuildConfiguration;
			buildSettings = {
				ALWAYS_EMBED_SWIFT_STANDARD_LIBRARIES = YES;
				CODE_SIGN_STYLE = Automatic;
				CURRENT_PROJECT_VERSION = 1;
				DEVELOPMENT_TEAM = 77W89J72K4;
				GENERATE_INFOPLIST_FILE = YES;
				INFOPLIST_FILE = Gamester/Supporting/Info.plist;
				MARKETING_VERSION = 1.0;
				PRODUCT_BUNDLE_IDENTIFIER = com.cavaevinci.GamesterUITests;
				PRODUCT_NAME = "$(TARGET_NAME)";
				SWIFT_EMIT_LOC_STRINGS = NO;
				SWIFT_VERSION = 5.0;
				TARGETED_DEVICE_FAMILY = "1,2";
				TEST_TARGET_NAME = Gamester;
			};
			name = Debug;
		};
		3FD643D72B7D3BF700D2F586 /* Release */ = {
			isa = XCBuildConfiguration;
			buildSettings = {
				ALWAYS_EMBED_SWIFT_STANDARD_LIBRARIES = YES;
				CODE_SIGN_STYLE = Automatic;
				CURRENT_PROJECT_VERSION = 1;
				DEVELOPMENT_TEAM = 77W89J72K4;
				GENERATE_INFOPLIST_FILE = YES;
				INFOPLIST_FILE = Gamester/Supporting/Info.plist;
				MARKETING_VERSION = 1.0;
				PRODUCT_BUNDLE_IDENTIFIER = com.cavaevinci.GamesterUITests;
				PRODUCT_NAME = "$(TARGET_NAME)";
				SWIFT_EMIT_LOC_STRINGS = NO;
				SWIFT_VERSION = 5.0;
				TARGETED_DEVICE_FAMILY = "1,2";
				TEST_TARGET_NAME = Gamester;
			};
			name = Release;
		};
/* End XCBuildConfiguration section */

/* Begin XCConfigurationList section */
		3FD643A02B7D3BF200D2F586 /* Build configuration list for PBXProject "Gamester" */ = {
			isa = XCConfigurationList;
			buildConfigurations = (
				3FD643CD2B7D3BF700D2F586 /* Debug */,
				3FD643CE2B7D3BF700D2F586 /* Release */,
			);
			defaultConfigurationIsVisible = 0;
			defaultConfigurationName = Release;
		};
		3FD643CF2B7D3BF700D2F586 /* Build configuration list for PBXNativeTarget "Gamester" */ = {
			isa = XCConfigurationList;
			buildConfigurations = (
				3FD643D02B7D3BF700D2F586 /* Debug */,
				3FD643D12B7D3BF700D2F586 /* Release */,
			);
			defaultConfigurationIsVisible = 0;
			defaultConfigurationName = Release;
		};
		3FD643D22B7D3BF700D2F586 /* Build configuration list for PBXNativeTarget "GamesterTests" */ = {
			isa = XCConfigurationList;
			buildConfigurations = (
				3FD643D32B7D3BF700D2F586 /* Debug */,
				3FD643D42B7D3BF700D2F586 /* Release */,
			);
			defaultConfigurationIsVisible = 0;
			defaultConfigurationName = Release;
		};
		3FD643D52B7D3BF700D2F586 /* Build configuration list for PBXNativeTarget "GamesterUITests" */ = {
			isa = XCConfigurationList;
			buildConfigurations = (
				3FD643D62B7D3BF700D2F586 /* Debug */,
				3FD643D72B7D3BF700D2F586 /* Release */,
			);
			defaultConfigurationIsVisible = 0;
			defaultConfigurationName = Release;
		};
/* End XCConfigurationList section */

/* Begin XCRemoteSwiftPackageReference section */
		3FB4DC042B87BCFE00FD8E1B /* XCRemoteSwiftPackageReference "SwiftyBeaver" */ = {
			isa = XCRemoteSwiftPackageReference;
			repositoryURL = "https://github.com/SwiftyBeaver/SwiftyBeaver";
			requirement = {
				kind = upToNextMajorVersion;
				minimumVersion = 2.0.0;
			};
		};
		3FD643FA2B80CD3D00D2F586 /* XCRemoteSwiftPackageReference "SDWebImage" */ = {
			isa = XCRemoteSwiftPackageReference;
			repositoryURL = "https://github.com/SDWebImage/SDWebImage";
			requirement = {
				kind = upToNextMajorVersion;
				minimumVersion = 5.18.11;
			};
		};
		3FE62C702BA1EE2B0052B8DD /* XCRemoteSwiftPackageReference "firebase-ios-sdk" */ = {
			isa = XCRemoteSwiftPackageReference;
			repositoryURL = "https://github.com/firebase/firebase-ios-sdk";
			requirement = {
				kind = upToNextMajorVersion;
				minimumVersion = 10.22.1;
			};
		};
/* End XCRemoteSwiftPackageReference section */

/* Begin XCSwiftPackageProductDependency section */
		3FB4DC052B87BCFE00FD8E1B /* SwiftyBeaver */ = {
			isa = XCSwiftPackageProductDependency;
			package = 3FB4DC042B87BCFE00FD8E1B /* XCRemoteSwiftPackageReference "SwiftyBeaver" */;
			productName = SwiftyBeaver;
		};
		3FD643FB2B80CDFF00D2F586 /* SDWebImage */ = {
			isa = XCSwiftPackageProductDependency;
			package = 3FD643FA2B80CD3D00D2F586 /* XCRemoteSwiftPackageReference "SDWebImage" */;
			productName = SDWebImage;
		};
		3FE62C712BA1EE2B0052B8DD /* FirebaseAnalytics */ = {
			isa = XCSwiftPackageProductDependency;
			package = 3FE62C702BA1EE2B0052B8DD /* XCRemoteSwiftPackageReference "firebase-ios-sdk" */;
			productName = FirebaseAnalytics;
		};
		3FE62C732BA1EE2B0052B8DD /* FirebaseAnalyticsSwift */ = {
			isa = XCSwiftPackageProductDependency;
			package = 3FE62C702BA1EE2B0052B8DD /* XCRemoteSwiftPackageReference "firebase-ios-sdk" */;
			productName = FirebaseAnalyticsSwift;
		};
		3FE62C752BA1EE2B0052B8DD /* FirebaseCrashlytics */ = {
			isa = XCSwiftPackageProductDependency;
			package = 3FE62C702BA1EE2B0052B8DD /* XCRemoteSwiftPackageReference "firebase-ios-sdk" */;
			productName = FirebaseCrashlytics;
		};
		3FE62C772BA1EE2B0052B8DD /* FirebaseMessaging */ = {
			isa = XCSwiftPackageProductDependency;
			package = 3FE62C702BA1EE2B0052B8DD /* XCRemoteSwiftPackageReference "firebase-ios-sdk" */;
			productName = FirebaseMessaging;
		};
		3FE62C792BA1EE2B0052B8DD /* FirebaseRemoteConfig */ = {
			isa = XCSwiftPackageProductDependency;
			package = 3FE62C702BA1EE2B0052B8DD /* XCRemoteSwiftPackageReference "firebase-ios-sdk" */;
			productName = FirebaseRemoteConfig;
		};
		3FE62C7B2BA1EE2B0052B8DD /* FirebaseRemoteConfigSwift */ = {
			isa = XCSwiftPackageProductDependency;
			package = 3FE62C702BA1EE2B0052B8DD /* XCRemoteSwiftPackageReference "firebase-ios-sdk" */;
			productName = FirebaseRemoteConfigSwift;
		};
/* End XCSwiftPackageProductDependency section */
	};
	rootObject = 3FD6439D2B7D3BF200D2F586 /* Project object */;
}
